
Microsoft Visual Studio Solution File, Format Version 12.00
# Visual Studio Version 17
VisualStudioVersion = 17.8.34322.80
MinimumVisualStudioVersion = 10.0.40219.1
Project("{FAE04EC0-301F-11D3-BF4B-00C04F79EFBC}") = "hausaufgabe4", "hausaufgabe4\hausaufgabe4.csproj", "{7B4B7B4A-25A2-4AA1-AF97-001D3DD2406A}"
EndProject
Global
	GlobalSection(SolutionConfigurationPlatforms) = preSolution
		Debug|Any CPU = Debug|Any CPU
		Release|Any CPU = Release|Any CPU
	EndGlobalSection
	GlobalSection(ProjectConfigurationPlatforms) = postSolution
		{7B4B7B4A-25A2-4AA1-AF97-001D3DD2406A}.Debug|Any CPU.ActiveCfg = Debug|Any CPU
		{7B4B7B4A-25A2-4AA1-AF97-001D3DD2406A}.Debug|Any CPU.Build.0 = Debug|Any CPU
		{7B4B7B4A-25A2-4AA1-AF97-001D3DD2406A}.Release|Any CPU.ActiveCfg = Release|Any CPU
		{7B4B7B4A-25A2-4AA1-AF97-001D3DD2406A}.Release|Any CPU.Build.0 = Release|Any CPU
	EndGlobalSection
	GlobalSection(SolutionProperties) = preSolution
		HideSolutionNode = FALSE
	EndGlobalSection
	GlobalSection(ExtensibilityGlobals) = postSolution
		SolutionGuid = {F7755089-6A8D-44AE-92D2-55D3A26648B6}
	EndGlobalSection
EndGlobal
